// !$*UTF8*$!
{
	archiveVersion = 1;
	classes = {
	};
	objectVersion = 77;
	objects = {

/* Begin PBXContainerItemProxy section */
		FDB2375F2CE13EAD00074A6B /* PBXContainerItemProxy */ = {
			isa = PBXContainerItemProxy;
			containerPortal = FDB237462CE13EAC00074A6B /* Project object */;
			proxyType = 1;
			remoteGlobalIDString = FDB2374D2CE13EAC00074A6B;
			remoteInfo = "Crooms Schedule";
		};
		FDB237692CE13EAD00074A6B /* PBXContainerItemProxy */ = {
			isa = PBXContainerItemProxy;
			containerPortal = FDB237462CE13EAC00074A6B /* Project object */;
			proxyType = 1;
			remoteGlobalIDString = FDB2374D2CE13EAC00074A6B;
			remoteInfo = "Crooms Schedule";
		};
/* End PBXContainerItemProxy section */

/* Begin PBXFileReference section */
		FDB2374E2CE13EAC00074A6B /* Crooms Schedule.app */ = {isa = PBXFileReference; explicitFileType = wrapper.application; includeInIndex = 0; path = "Crooms Schedule.app"; sourceTree = BUILT_PRODUCTS_DIR; };
		FDB2375E2CE13EAD00074A6B /* Crooms ScheduleTests.xctest */ = {isa = PBXFileReference; explicitFileType = wrapper.cfbundle; includeInIndex = 0; path = "Crooms ScheduleTests.xctest"; sourceTree = BUILT_PRODUCTS_DIR; };
		FDB237682CE13EAD00074A6B /* Crooms ScheduleUITests.xctest */ = {isa = PBXFileReference; explicitFileType = wrapper.cfbundle; includeInIndex = 0; path = "Crooms ScheduleUITests.xctest"; sourceTree = BUILT_PRODUCTS_DIR; };
/* End PBXFileReference section */

/* Begin PBXFileSystemSynchronizedRootGroup section */
		FDB237502CE13EAC00074A6B /* Crooms Schedule */ = {
			isa = PBXFileSystemSynchronizedRootGroup;
			path = "Crooms Schedule";
			sourceTree = "<group>";
		};
		FDB237612CE13EAD00074A6B /* Crooms ScheduleTests */ = {
			isa = PBXFileSystemSynchronizedRootGroup;
			path = "Crooms ScheduleTests";
			sourceTree = "<group>";
		};
		FDB2376B2CE13EAD00074A6B /* Crooms ScheduleUITests */ = {
			isa = PBXFileSystemSynchronizedRootGroup;
			path = "Crooms ScheduleUITests";
			sourceTree = "<group>";
		};
/* End PBXFileSystemSynchronizedRootGroup section */

/* Begin PBXFrameworksBuildPhase section */
		FDB2374B2CE13EAC00074A6B /* Frameworks */ = {
			isa = PBXFrameworksBuildPhase;
			buildActionMask = 2147483647;
			files = (
			);
			runOnlyForDeploymentPostprocessing = 0;
		};
		FDB2375B2CE13EAD00074A6B /* Frameworks */ = {
			isa = PBXFrameworksBuildPhase;
			buildActionMask = 2147483647;
			files = (
			);
			runOnlyForDeploymentPostprocessing = 0;
		};
		FDB237652CE13EAD00074A6B /* Frameworks */ = {
			isa = PBXFrameworksBuildPhase;
			buildActionMask = 2147483647;
			files = (
			);
			runOnlyForDeploymentPostprocessing = 0;
		};
/* End PBXFrameworksBuildPhase section */

/* Begin PBXGroup section */
		FDB237452CE13EAC00074A6B = {
			isa = PBXGroup;
			children = (
				FDB237502CE13EAC00074A6B /* Crooms Schedule */,
				FDB237612CE13EAD00074A6B /* Crooms ScheduleTests */,
				FDB2376B2CE13EAD00074A6B /* Crooms ScheduleUITests */,
				FDB2374F2CE13EAC00074A6B /* Products */,
			);
			sourceTree = "<group>";
		};
		FDB2374F2CE13EAC00074A6B /* Products */ = {
			isa = PBXGroup;
			children = (
				FDB2374E2CE13EAC00074A6B /* Crooms Schedule.app */,
				FDB2375E2CE13EAD00074A6B /* Crooms ScheduleTests.xctest */,
				FDB237682CE13EAD00074A6B /* Crooms ScheduleUITests.xctest */,
			);
			name = Products;
			sourceTree = "<group>";
		};
/* End PBXGroup section */

/* Begin PBXNativeTarget section */
		FDB2374D2CE13EAC00074A6B /* Crooms Schedule */ = {
			isa = PBXNativeTarget;
			buildConfigurationList = FDB237722CE13EAD00074A6B /* Build configuration list for PBXNativeTarget "Crooms Schedule" */;
			buildPhases = (
				FDB2374A2CE13EAC00074A6B /* Sources */,
				FDB2374B2CE13EAC00074A6B /* Frameworks */,
				FDB2374C2CE13EAC00074A6B /* Resources */,
			);
			buildRules = (
			);
			dependencies = (
			);
			fileSystemSynchronizedGroups = (
				FDB237502CE13EAC00074A6B /* Crooms Schedule */,
			);
			name = "Crooms Schedule";
			packageProductDependencies = (
			);
			productName = "Crooms Schedule";
			productReference = FDB2374E2CE13EAC00074A6B /* Crooms Schedule.app */;
			productType = "com.apple.product-type.application";
		};
		FDB2375D2CE13EAD00074A6B /* Crooms ScheduleTests */ = {
			isa = PBXNativeTarget;
			buildConfigurationList = FDB237752CE13EAD00074A6B /* Build configuration list for PBXNativeTarget "Crooms ScheduleTests" */;
			buildPhases = (
				FDB2375A2CE13EAD00074A6B /* Sources */,
				FDB2375B2CE13EAD00074A6B /* Frameworks */,
				FDB2375C2CE13EAD00074A6B /* Resources */,
			);
			buildRules = (
			);
			dependencies = (
				FDB237602CE13EAD00074A6B /* PBXTargetDependency */,
			);
			fileSystemSynchronizedGroups = (
				FDB237612CE13EAD00074A6B /* Crooms ScheduleTests */,
			);
			name = "Crooms ScheduleTests";
			packageProductDependencies = (
			);
			productName = "Crooms ScheduleTests";
			productReference = FDB2375E2CE13EAD00074A6B /* Crooms ScheduleTests.xctest */;
			productType = "com.apple.product-type.bundle.unit-test";
		};
		FDB237672CE13EAD00074A6B /* Crooms ScheduleUITests */ = {
			isa = PBXNativeTarget;
			buildConfigurationList = FDB237782CE13EAD00074A6B /* Build configuration list for PBXNativeTarget "Crooms ScheduleUITests" */;
			buildPhases = (
				FDB237642CE13EAD00074A6B /* Sources */,
				FDB237652CE13EAD00074A6B /* Frameworks */,
				FDB237662CE13EAD00074A6B /* Resources */,
			);
			buildRules = (
			);
			dependencies = (
				FDB2376A2CE13EAD00074A6B /* PBXTargetDependency */,
			);
			fileSystemSynchronizedGroups = (
				FDB2376B2CE13EAD00074A6B /* Crooms ScheduleUITests */,
			);
			name = "Crooms ScheduleUITests";
			packageProductDependencies = (
			);
			productName = "Crooms ScheduleUITests";
			productReference = FDB237682CE13EAD00074A6B /* Crooms ScheduleUITests.xctest */;
			productType = "com.apple.product-type.bundle.ui-testing";
		};
/* End PBXNativeTarget section */

/* Begin PBXProject section */
		FDB237462CE13EAC00074A6B /* Project object */ = {
			isa = PBXProject;
			attributes = {
				BuildIndependentTargetsInParallel = 1;
				LastSwiftUpdateCheck = 1610;
				LastUpgradeCheck = 1610;
				TargetAttributes = {
					FDB2374D2CE13EAC00074A6B = {
						CreatedOnToolsVersion = 16.1;
					};
					FDB2375D2CE13EAD00074A6B = {
						CreatedOnToolsVersion = 16.1;
						TestTargetID = FDB2374D2CE13EAC00074A6B;
					};
					FDB237672CE13EAD00074A6B = {
						CreatedOnToolsVersion = 16.1;
						TestTargetID = FDB2374D2CE13EAC00074A6B;
					};
				};
			};
			buildConfigurationList = FDB237492CE13EAC00074A6B /* Build configuration list for PBXProject "Crooms Schedule" */;
			developmentRegion = en;
			hasScannedForEncodings = 0;
			knownRegions = (
				en,
				Base,
			);
			mainGroup = FDB237452CE13EAC00074A6B;
			minimizedProjectReferenceProxies = 1;
			preferredProjectObjectVersion = 77;
			productRefGroup = FDB2374F2CE13EAC00074A6B /* Products */;
			projectDirPath = "";
			projectRoot = "";
			targets = (
				FDB2374D2CE13EAC00074A6B /* Crooms Schedule */,
				FDB2375D2CE13EAD00074A6B /* Crooms ScheduleTests */,
				FDB237672CE13EAD00074A6B /* Crooms ScheduleUITests */,
			);
		};
/* End PBXProject section */

/* Begin PBXResourcesBuildPhase section */
		FDB2374C2CE13EAC00074A6B /* Resources */ = {
			isa = PBXResourcesBuildPhase;
			buildActionMask = 2147483647;
			files = (
			);
			runOnlyForDeploymentPostprocessing = 0;
		};
		FDB2375C2CE13EAD00074A6B /* Resources */ = {
			isa = PBXResourcesBuildPhase;
			buildActionMask = 2147483647;
			files = (
			);
			runOnlyForDeploymentPostprocessing = 0;
		};
		FDB237662CE13EAD00074A6B /* Resources */ = {
			isa = PBXResourcesBuildPhase;
			buildActionMask = 2147483647;
			files = (
			);
			runOnlyForDeploymentPostprocessing = 0;
		};
/* End PBXResourcesBuildPhase section */

/* Begin PBXSourcesBuildPhase section */
		FDB2374A2CE13EAC00074A6B /* Sources */ = {
			isa = PBXSourcesBuildPhase;
			buildActionMask = 2147483647;
			files = (
			);
			runOnlyForDeploymentPostprocessing = 0;
		};
		FDB2375A2CE13EAD00074A6B /* Sources */ = {
			isa = PBXSourcesBuildPhase;
			buildActionMask = 2147483647;
			files = (
			);
			runOnlyForDeploymentPostprocessing = 0;
		};
		FDB237642CE13EAD00074A6B /* Sources */ = {
			isa = PBXSourcesBuildPhase;
			buildActionMask = 2147483647;
			files = (
			);
			runOnlyForDeploymentPostprocessing = 0;
		};
/* End PBXSourcesBuildPhase section */

/* Begin PBXTargetDependency section */
		FDB237602CE13EAD00074A6B /* PBXTargetDependency */ = {
			isa = PBXTargetDependency;
			target = FDB2374D2CE13EAC00074A6B /* Crooms Schedule */;
			targetProxy = FDB2375F2CE13EAD00074A6B /* PBXContainerItemProxy */;
		};
		FDB2376A2CE13EAD00074A6B /* PBXTargetDependency */ = {
			isa = PBXTargetDependency;
			target = FDB2374D2CE13EAC00074A6B /* Crooms Schedule */;
			targetProxy = FDB237692CE13EAD00074A6B /* PBXContainerItemProxy */;
		};
/* End PBXTargetDependency section */

/* Begin XCBuildConfiguration section */
		FDB237702CE13EAD00074A6B /* Debug */ = {
			isa = XCBuildConfiguration;
			buildSettings = {
				ALWAYS_SEARCH_USER_PATHS = NO;
				ASSETCATALOG_COMPILER_GENERATE_SWIFT_ASSET_SYMBOL_EXTENSIONS = YES;
				CLANG_ANALYZER_NONNULL = YES;
				CLANG_ANALYZER_NUMBER_OBJECT_CONVERSION = YES_AGGRESSIVE;
				CLANG_CXX_LANGUAGE_STANDARD = "gnu++20";
				CLANG_ENABLE_MODULES = YES;
				CLANG_ENABLE_OBJC_ARC = YES;
				CLANG_ENABLE_OBJC_WEAK = YES;
				CLANG_WARN_BLOCK_CAPTURE_AUTORELEASING = YES;
				CLANG_WARN_BOOL_CONVERSION = YES;
				CLANG_WARN_COMMA = YES;
				CLANG_WARN_CONSTANT_CONVERSION = YES;
				CLANG_WARN_DEPRECATED_OBJC_IMPLEMENTATIONS = YES;
				CLANG_WARN_DIRECT_OBJC_ISA_USAGE = YES_ERROR;
				CLANG_WARN_DOCUMENTATION_COMMENTS = YES;
				CLANG_WARN_EMPTY_BODY = YES;
				CLANG_WARN_ENUM_CONVERSION = YES;
				CLANG_WARN_INFINITE_RECURSION = YES;
				CLANG_WARN_INT_CONVERSION = YES;
				CLANG_WARN_NON_LITERAL_NULL_CONVERSION = YES;
				CLANG_WARN_OBJC_IMPLICIT_RETAIN_SELF = YES;
				CLANG_WARN_OBJC_LITERAL_CONVERSION = YES;
				CLANG_WARN_OBJC_ROOT_CLASS = YES_ERROR;
				CLANG_WARN_QUOTED_INCLUDE_IN_FRAMEWORK_HEADER = YES;
				CLANG_WARN_RANGE_LOOP_ANALYSIS = YES;
				CLANG_WARN_STRICT_PROTOTYPES = YES;
				CLANG_WARN_SUSPICIOUS_MOVE = YES;
				CLANG_WARN_UNGUARDED_AVAILABILITY = YES_AGGRESSIVE;
				CLANG_WARN_UNREACHABLE_CODE = YES;
				CLANG_WARN__DUPLICATE_METHOD_MATCH = YES;
				COPY_PHASE_STRIP = NO;
				DEBUG_INFORMATION_FORMAT = dwarf;
				ENABLE_STRICT_OBJC_MSGSEND = YES;
				ENABLE_TESTABILITY = YES;
				ENABLE_USER_SCRIPT_SANDBOXING = YES;
				GCC_C_LANGUAGE_STANDARD = gnu17;
				GCC_DYNAMIC_NO_PIC = NO;
				GCC_NO_COMMON_BLOCKS = YES;
				GCC_OPTIMIZATION_LEVEL = 0;
				GCC_PREPROCESSOR_DEFINITIONS = (
					"DEBUG=1",
					"$(inherited)",
				);
				GCC_WARN_64_TO_32_BIT_CONVERSION = YES;
				GCC_WARN_ABOUT_RETURN_TYPE = YES_ERROR;
				GCC_WARN_UNDECLARED_SELECTOR = YES;
				GCC_WARN_UNINITIALIZED_AUTOS = YES_AGGRESSIVE;
				GCC_WARN_UNUSED_FUNCTION = YES;
				GCC_WARN_UNUSED_VARIABLE = YES;
				IPHONEOS_DEPLOYMENT_TARGET = 18.1;
				LOCALIZATION_PREFERS_STRING_CATALOGS = YES;
				MTL_ENABLE_DEBUG_INFO = INCLUDE_SOURCE;
				MTL_FAST_MATH = YES;
				ONLY_ACTIVE_ARCH = YES;
				SDKROOT = iphoneos;
				SWIFT_ACTIVE_COMPILATION_CONDITIONS = "DEBUG $(inherited)";
				SWIFT_OPTIMIZATION_LEVEL = "-Onone";
			};
			name = Debug;
		};
		FDB237712CE13EAD00074A6B /* Release */ = {
			isa = XCBuildConfiguration;
			buildSettings = {
				ALWAYS_SEARCH_USER_PATHS = NO;
				ASSETCATALOG_COMPILER_GENERATE_SWIFT_ASSET_SYMBOL_EXTENSIONS = YES;
				CLANG_ANALYZER_NONNULL = YES;
				CLANG_ANALYZER_NUMBER_OBJECT_CONVERSION = YES_AGGRESSIVE;
				CLANG_CXX_LANGUAGE_STANDARD = "gnu++20";
				CLANG_ENABLE_MODULES = YES;
				CLANG_ENABLE_OBJC_ARC = YES;
				CLANG_ENABLE_OBJC_WEAK = YES;
				CLANG_WARN_BLOCK_CAPTURE_AUTORELEASING = YES;
				CLANG_WARN_BOOL_CONVERSION = YES;
				CLANG_WARN_COMMA = YES;
				CLANG_WARN_CONSTANT_CONVERSION = YES;
				CLANG_WARN_DEPRECATED_OBJC_IMPLEMENTATIONS = YES;
				CLANG_WARN_DIRECT_OBJC_ISA_USAGE = YES_ERROR;
				CLANG_WARN_DOCUMENTATION_COMMENTS = YES;
				CLANG_WARN_EMPTY_BODY = YES;
				CLANG_WARN_ENUM_CONVERSION = YES;
				CLANG_WARN_INFINITE_RECURSION = YES;
				CLANG_WARN_INT_CONVERSION = YES;
				CLANG_WARN_NON_LITERAL_NULL_CONVERSION = YES;
				CLANG_WARN_OBJC_IMPLICIT_RETAIN_SELF = YES;
				CLANG_WARN_OBJC_LITERAL_CONVERSION = YES;
				CLANG_WARN_OBJC_ROOT_CLASS = YES_ERROR;
				CLANG_WARN_QUOTED_INCLUDE_IN_FRAMEWORK_HEADER = YES;
				CLANG_WARN_RANGE_LOOP_ANALYSIS = YES;
				CLANG_WARN_STRICT_PROTOTYPES = YES;
				CLANG_WARN_SUSPICIOUS_MOVE = YES;
				CLANG_WARN_UNGUARDED_AVAILABILITY = YES_AGGRESSIVE;
				CLANG_WARN_UNREACHABLE_CODE = YES;
				CLANG_WARN__DUPLICATE_METHOD_MATCH = YES;
				COPY_PHASE_STRIP = NO;
				DEBUG_INFORMATION_FORMAT = "dwarf-with-dsym";
				ENABLE_NS_ASSERTIONS = NO;
				ENABLE_STRICT_OBJC_MSGSEND = YES;
				ENABLE_USER_SCRIPT_SANDBOXING = YES;
				GCC_C_LANGUAGE_STANDARD = gnu17;
				GCC_NO_COMMON_BLOCKS = YES;
				GCC_WARN_64_TO_32_BIT_CONVERSION = YES;
				GCC_WARN_ABOUT_RETURN_TYPE = YES_ERROR;
				GCC_WARN_UNDECLARED_SELECTOR = YES;
				GCC_WARN_UNINITIALIZED_AUTOS = YES_AGGRESSIVE;
				GCC_WARN_UNUSED_FUNCTION = YES;
				GCC_WARN_UNUSED_VARIABLE = YES;
				IPHONEOS_DEPLOYMENT_TARGET = 18.1;
				LOCALIZATION_PREFERS_STRING_CATALOGS = YES;
				MTL_ENABLE_DEBUG_INFO = NO;
				MTL_FAST_MATH = YES;
				SDKROOT = iphoneos;
				SWIFT_COMPILATION_MODE = wholemodule;
				VALIDATE_PRODUCT = YES;
			};
			name = Release;
		};
		FDB237732CE13EAD00074A6B /* Debug */ = {
			isa = XCBuildConfiguration;
			buildSettings = {
				ASSETCATALOG_COMPILER_APPICON_NAME = AppIcon;
				ASSETCATALOG_COMPILER_GLOBAL_ACCENT_COLOR_NAME = AccentColor;
				CODE_SIGN_STYLE = Automatic;
				CURRENT_PROJECT_VERSION = 1;
				DEVELOPMENT_ASSET_PATHS = "\"Crooms Schedule/Preview Content\"";
				DEVELOPMENT_TEAM = T3F9D6G69M;
				ENABLE_PREVIEWS = YES;
				GENERATE_INFOPLIST_FILE = YES;
				INFOPLIST_KEY_CFBundleDisplayName = CBSH;
				INFOPLIST_KEY_LSApplicationCategoryType = "public.app-category.utilities";
				INFOPLIST_KEY_UIApplicationSceneManifest_Generation = YES;
				INFOPLIST_KEY_UIApplicationSupportsIndirectInputEvents = YES;
				INFOPLIST_KEY_UILaunchScreen_Generation = YES;
				INFOPLIST_KEY_UISupportedInterfaceOrientations_iPad = "UIInterfaceOrientationPortrait UIInterfaceOrientationPortraitUpsideDown UIInterfaceOrientationLandscapeLeft UIInterfaceOrientationLandscapeRight";
				INFOPLIST_KEY_UISupportedInterfaceOrientations_iPhone = "UIInterfaceOrientationPortrait UIInterfaceOrientationLandscapeLeft UIInterfaceOrientationLandscapeRight";
				LD_RUNPATH_SEARCH_PATHS = (
					"$(inherited)",
					"@executable_path/Frameworks",
				);
				MARKETING_VERSION = 1.0;
				PRODUCT_BUNDLE_IDENTIFIER = "tech.croomsched.Crooms-Schedule";
				PRODUCT_NAME = "$(TARGET_NAME)";
				SWIFT_EMIT_LOC_STRINGS = YES;
				SWIFT_VERSION = 5.0;
				TARGETED_DEVICE_FAMILY = "1,2";
			};
			name = Debug;
		};
		FDB237742CE13EAD00074A6B /* Release */ = {
			isa = XCBuildConfiguration;
			buildSettings = {
				ASSETCATALOG_COMPILER_APPICON_NAME = AppIcon;
				ASSETCATALOG_COMPILER_GLOBAL_ACCENT_COLOR_NAME = AccentColor;
				CODE_SIGN_STYLE = Automatic;
				CURRENT_PROJECT_VERSION = 1;
				DEVELOPMENT_ASSET_PATHS = "\"Crooms Schedule/Preview Content\"";
				DEVELOPMENT_TEAM = T3F9D6G69M;
				ENABLE_PREVIEWS = YES;
				GENERATE_INFOPLIST_FILE = YES;
				INFOPLIST_KEY_CFBundleDisplayName = CBSH;
				INFOPLIST_KEY_LSApplicationCategoryType = "public.app-category.utilities";
				INFOPLIST_KEY_UIApplicationSceneManifest_Generation = YES;
				INFOPLIST_KEY_UIApplicationSupportsIndirectInputEvents = YES;
				INFOPLIST_KEY_UILaunchScreen_Generation = YES;
				INFOPLIST_KEY_UISupportedInterfaceOrientations_iPad = "UIInterfaceOrientationPortrait UIInterfaceOrientationPortraitUpsideDown UIInterfaceOrientationLandscapeLeft UIInterfaceOrientationLandscapeRight";
				INFOPLIST_KEY_UISupportedInterfaceOrientations_iPhone = "UIInterfaceOrientationPortrait UIInterfaceOrientationLandscapeLeft UIInterfaceOrientationLandscapeRight";
				LD_RUNPATH_SEARCH_PATHS = (
					"$(inherited)",
					"@executable_path/Frameworks",
				);
				MARKETING_VERSION = 1.0;
				PRODUCT_BUNDLE_IDENTIFIER = "tech.croomsched.Crooms-Schedule";
				PRODUCT_NAME = "$(TARGET_NAME)";
				SWIFT_EMIT_LOC_STRINGS = YES;
				SWIFT_VERSION = 5.0;
				TARGETED_DEVICE_FAMILY = "1,2";
			};
			name = Release;
		};
		FDB237762CE13EAD00074A6B /* Debug */ = {
			isa = XCBuildConfiguration;
			buildSettings = {
				BUNDLE_LOADER = "$(TEST_HOST)";
				CODE_SIGN_STYLE = Automatic;
				CURRENT_PROJECT_VERSION = 1;
				DEVELOPMENT_TEAM = T3F9D6G69M;
				GENERATE_INFOPLIST_FILE = YES;
				IPHONEOS_DEPLOYMENT_TARGET = 18.1;
				MARKETING_VERSION = 1.0;
				PRODUCT_BUNDLE_IDENTIFIER = "tech.croomsched.Crooms-ScheduleTests";
				PRODUCT_NAME = "$(TARGET_NAME)";
				SWIFT_EMIT_LOC_STRINGS = NO;
				SWIFT_VERSION = 5.0;
				TARGETED_DEVICE_FAMILY = "1,2";
				TEST_HOST = "$(BUILT_PRODUCTS_DIR)/Crooms Schedule.app/$(BUNDLE_EXECUTABLE_FOLDER_PATH)/Crooms Schedule";
			};
			name = Debug;
		};
		FDB237772CE13EAD00074A6B /* Release */ = {
			isa = XCBuildConfiguration;
			buildSettings = {
				BUNDLE_LOADER = "$(TEST_HOST)";
				CODE_SIGN_STYLE = Automatic;
				CURRENT_PROJECT_VERSION = 1;
				DEVELOPMENT_TEAM = T3F9D6G69M;
				GENERATE_INFOPLIST_FILE = YES;
				IPHONEOS_DEPLOYMENT_TARGET = 18.1;
				MARKETING_VERSION = 1.0;
				PRODUCT_BUNDLE_IDENTIFIER = "tech.croomsched.Crooms-ScheduleTests";
				PRODUCT_NAME = "$(TARGET_NAME)";
				SWIFT_EMIT_LOC_STRINGS = NO;
				SWIFT_VERSION = 5.0;
				TARGETED_DEVICE_FAMILY = "1,2";
				TEST_HOST = "$(BUILT_PRODUCTS_DIR)/Crooms Schedule.app/$(BUNDLE_EXECUTABLE_FOLDER_PATH)/Crooms Schedule";
			};
			name = Release;
		};
		FDB237792CE13EAD00074A6B /* Debug */ = {
			isa = XCBuildConfiguration;
			buildSettings = {
				CODE_SIGN_STYLE = Automatic;
				CURRENT_PROJECT_VERSION = 1;
				DEVELOPMENT_TEAM = T3F9D6G69M;
				GENERATE_INFOPLIST_FILE = YES;
				MARKETING_VERSION = 1.0;
				PRODUCT_BUNDLE_IDENTIFIER = "tech.croomsched.Crooms-ScheduleUITests";
				PRODUCT_NAME = "$(TARGET_NAME)";
				SWIFT_EMIT_LOC_STRINGS = NO;
				SWIFT_VERSION = 5.0;
				TARGETED_DEVICE_FAMILY = "1,2";
				TEST_TARGET_NAME = "Crooms Schedule";
			};
			name = Debug;
		};
		FDB2377A2CE13EAD00074A6B /* Release */ = {
			isa = XCBuildConfiguration;
			buildSettings = {
				CODE_SIGN_STYLE = Automatic;
				CURRENT_PROJECT_VERSION = 1;
				DEVELOPMENT_TEAM = T3F9D6G69M;
				GENERATE_INFOPLIST_FILE = YES;
				MARKETING_VERSION = 1.0;
				PRODUCT_BUNDLE_IDENTIFIER = "tech.croomsched.Crooms-ScheduleUITests";
				PRODUCT_NAME = "$(TARGET_NAME)";
				SWIFT_EMIT_LOC_STRINGS = NO;
				SWIFT_VERSION = 5.0;
				TARGETED_DEVICE_FAMILY = "1,2";
				TEST_TARGET_NAME = "Crooms Schedule";
			};
			name = Release;
		};
/* End XCBuildConfiguration section */

/* Begin XCConfigurationList section */
		FDB237492CE13EAC00074A6B /* Build configuration list for PBXProject "Crooms Schedule" */ = {
			isa = XCConfigurationList;
			buildConfigurations = (
				FDB237702CE13EAD00074A6B /* Debug */,
				FDB237712CE13EAD00074A6B /* Release */,
			);
			defaultConfigurationIsVisible = 0;
			defaultConfigurationName = Release;
		};
		FDB237722CE13EAD00074A6B /* Build configuration list for PBXNativeTarget "Crooms Schedule" */ = {
			isa = XCConfigurationList;
			buildConfigurations = (
				FDB237732CE13EAD00074A6B /* Debug */,
				FDB237742CE13EAD00074A6B /* Release */,
			);
			defaultConfigurationIsVisible = 0;
			defaultConfigurationName = Release;
		};
		FDB237752CE13EAD00074A6B /* Build configuration list for PBXNativeTarget "Crooms ScheduleTests" */ = {
			isa = XCConfigurationList;
			buildConfigurations = (
				FDB237762CE13EAD00074A6B /* Debug */,
				FDB237772CE13EAD00074A6B /* Release */,
			);
			defaultConfigurationIsVisible = 0;
			defaultConfigurationName = Release;
		};
		FDB237782CE13EAD00074A6B /* Build configuration list for PBXNativeTarget "Crooms ScheduleUITests" */ = {
			isa = XCConfigurationList;
			buildConfigurations = (
				FDB237792CE13EAD00074A6B /* Debug */,
				FDB2377A2CE13EAD00074A6B /* Release */,
			);
			defaultConfigurationIsVisible = 0;
			defaultConfigurationName = Release;
		};
/* End XCConfigurationList section */
	};
	rootObject = FDB237462CE13EAC00074A6B /* Project object */;
}
